
Microsoft Visual Studio Solution File, Format Version 12.00
# Visual Studio Version 16
VisualStudioVersion = 16.0.30523.141
MinimumVisualStudioVersion = 10.0.40219.1
Project("{8BC9CEB8-8B4A-11D0-8D11-00A0C91BC942}") = "zadanie programistyczne", "zadanie programistyczne.vcxproj", "{7BBCBB88-E61B-4BBB-94F7-BD0E10FE2794}"
EndProject
Global
	GlobalSection(SolutionConfigurationPlatforms) = preSolution
		Debug|x64 = Debug|x64
		Debug|x86 = Debug|x86
		Release|x64 = Release|x64
		Release|x86 = Release|x86
	EndGlobalSection
	GlobalSection(ProjectConfigurationPlatforms) = postSolution
		{7BBCBB88-E61B-4BBB-94F7-BD0E10FE2794}.Debug|x64.ActiveCfg = Debug|x64
		{7BBCBB88-E61B-4BBB-94F7-BD0E10FE2794}.Debug|x64.Build.0 = Debug|x64
		{7BBCBB88-E61B-4BBB-94F7-BD0E10FE2794}.Debug|x86.ActiveCfg = Debug|Win32
		{7BBCBB88-E61B-4BBB-94F7-BD0E10FE2794}.Debug|x86.Build.0 = Debug|Win32
		{7BBCBB88-E61B-4BBB-94F7-BD0E10FE2794}.Release|x64.ActiveCfg = Release|x64
		{7BBCBB88-E61B-4BBB-94F7-BD0E10FE2794}.Release|x64.Build.0 = Release|x64
		{7BBCBB88-E61B-4BBB-94F7-BD0E10FE2794}.Release|x86.ActiveCfg = Release|Win32
		{7BBCBB88-E61B-4BBB-94F7-BD0E10FE2794}.Release|x86.Build.0 = Release|Win32
	EndGlobalSection
	GlobalSection(SolutionProperties) = preSolution
		HideSolutionNode = FALSE
	EndGlobalSection
	GlobalSection(ExtensibilityGlobals) = postSolution
		SolutionGuid = {3EE086DC-CB31-430C-99E7-6F493CCCE4AB}
	EndGlobalSection
EndGlobal
